
Microsoft Visual Studio Solution File, Format Version 12.00
# Visual Studio 15
VisualStudioVersion = 15.0.28010.2019
MinimumVisualStudioVersion = 10.0.40219.1
Project("{8BC9CEB8-8B4A-11D0-8D11-00A0C91BC942}") = "校园导游咨询系统", "校园导游咨询系统\校园导游咨询系统.vcxproj", "{00532E08-FC5C-400D-B802-740C6E973CE3}"
EndProject
Global
	GlobalSection(SolutionConfigurationPlatforms) = preSolution
		Debug|x64 = Debug|x64
		Debug|x86 = Debug|x86
		Release|x64 = Release|x64
		Release|x86 = Release|x86
	EndGlobalSection
	GlobalSection(ProjectConfigurationPlatforms) = postSolution
		{00532E08-FC5C-400D-B802-740C6E973CE3}.Debug|x64.ActiveCfg = Debug|x64
		{00532E08-FC5C-400D-B802-740C6E973CE3}.Debug|x64.Build.0 = Debug|x64
		{00532E08-FC5C-400D-B802-740C6E973CE3}.Debug|x86.ActiveCfg = Debug|Win32
		{00532E08-FC5C-400D-B802-740C6E973CE3}.Debug|x86.Build.0 = Debug|Win32
		{00532E08-FC5C-400D-B802-740C6E973CE3}.Release|x64.ActiveCfg = Release|x64
		{00532E08-FC5C-400D-B802-740C6E973CE3}.Release|x64.Build.0 = Release|x64
		{00532E08-FC5C-400D-B802-740C6E973CE3}.Release|x86.ActiveCfg = Release|Win32
		{00532E08-FC5C-400D-B802-740C6E973CE3}.Release|x86.Build.0 = Release|Win32
	EndGlobalSection
	GlobalSection(SolutionProperties) = preSolution
		HideSolutionNode = FALSE
	EndGlobalSection
	GlobalSection(ExtensibilityGlobals) = postSolution
		SolutionGuid = {65980CA6-9E51-45B4-AE43-E20E495C1142}
	EndGlobalSection
EndGlobal
