
Microsoft Visual Studio Solution File, Format Version 12.00
# Visual Studio 15
VisualStudioVersion = 15.0.28010.2019
MinimumVisualStudioVersion = 10.0.40219.1
Project("{8BC9CEB8-8B4A-11D0-8D11-00A0C91BC942}") = "平面图", "平面图\平面图.vcxproj", "{C2D1650E-F45C-4F7B-BEE4-8407936827E3}"
EndProject
Global
	GlobalSection(SolutionConfigurationPlatforms) = preSolution
		Debug|x64 = Debug|x64
		Debug|x86 = Debug|x86
		Release|x64 = Release|x64
		Release|x86 = Release|x86
	EndGlobalSection
	GlobalSection(ProjectConfigurationPlatforms) = postSolution
		{C2D1650E-F45C-4F7B-BEE4-8407936827E3}.Debug|x64.ActiveCfg = Debug|x64
		{C2D1650E-F45C-4F7B-BEE4-8407936827E3}.Debug|x64.Build.0 = Debug|x64
		{C2D1650E-F45C-4F7B-BEE4-8407936827E3}.Debug|x86.ActiveCfg = Debug|Win32
		{C2D1650E-F45C-4F7B-BEE4-8407936827E3}.Debug|x86.Build.0 = Debug|Win32
		{C2D1650E-F45C-4F7B-BEE4-8407936827E3}.Release|x64.ActiveCfg = Release|x64
		{C2D1650E-F45C-4F7B-BEE4-8407936827E3}.Release|x64.Build.0 = Release|x64
		{C2D1650E-F45C-4F7B-BEE4-8407936827E3}.Release|x86.ActiveCfg = Release|Win32
		{C2D1650E-F45C-4F7B-BEE4-8407936827E3}.Release|x86.Build.0 = Release|Win32
	EndGlobalSection
	GlobalSection(SolutionProperties) = preSolution
		HideSolutionNode = FALSE
	EndGlobalSection
	GlobalSection(ExtensibilityGlobals) = postSolution
		SolutionGuid = {AB599269-5AB9-44B6-B13E-A26B2D23C7B2}
	EndGlobalSection
EndGlobal
